
Microsoft Visual Studio Solution File, Format Version 12.00
# Visual Studio 15
VisualStudioVersion = 15.0.27703.2047
MinimumVisualStudioVersion = 10.0.40219.1
Project("{FAE04EC0-301F-11D3-BF4B-00C04F79EFBC}") = "LiveCodeAnalyzer", "LiveCodeAnalyzer\LiveCodeAnalyzer.csproj", "{D80A727C-45E0-45BE-ADAC-04A14D7CA70C}"
EndProject
Project("{FAE04EC0-301F-11D3-BF4B-00C04F79EFBC}") = "LiveCodeAnalyzer.Test", "LiveCodeAnalyzer.Test\LiveCodeAnalyzer.Test.csproj", "{349070F9-22A9-48DC-80FA-60563F8CC3F8}"
EndProject
Project("{FAE04EC0-301F-11D3-BF4B-00C04F79EFBC}") = "LiveCodeAnalyzer.Library", "LiveCodeAnalyzer.Library\LiveCodeAnalyzer.Library.csproj", "{1A8D02EC-C018-4665-A96D-1C408A8C7D74}"
EndProject
Global
	GlobalSection(SolutionConfigurationPlatforms) = preSolution
		Debug|Any CPU = Debug|Any CPU
		Release|Any CPU = Release|Any CPU
	EndGlobalSection
	GlobalSection(ProjectConfigurationPlatforms) = postSolution
		{D80A727C-45E0-45BE-ADAC-04A14D7CA70C}.Debug|Any CPU.ActiveCfg = Debug|Any CPU
		{D80A727C-45E0-45BE-ADAC-04A14D7CA70C}.Debug|Any CPU.Build.0 = Debug|Any CPU
		{D80A727C-45E0-45BE-ADAC-04A14D7CA70C}.Release|Any CPU.ActiveCfg = Release|Any CPU
		{D80A727C-45E0-45BE-ADAC-04A14D7CA70C}.Release|Any CPU.Build.0 = Release|Any CPU
		{349070F9-22A9-48DC-80FA-60563F8CC3F8}.Debug|Any CPU.ActiveCfg = Debug|Any CPU
		{349070F9-22A9-48DC-80FA-60563F8CC3F8}.Debug|Any CPU.Build.0 = Debug|Any CPU
		{349070F9-22A9-48DC-80FA-60563F8CC3F8}.Release|Any CPU.ActiveCfg = Release|Any CPU
		{349070F9-22A9-48DC-80FA-60563F8CC3F8}.Release|Any CPU.Build.0 = Release|Any CPU
		{1A8D02EC-C018-4665-A96D-1C408A8C7D74}.Debug|Any CPU.ActiveCfg = Debug|Any CPU
		{1A8D02EC-C018-4665-A96D-1C408A8C7D74}.Debug|Any CPU.Build.0 = Debug|Any CPU
		{1A8D02EC-C018-4665-A96D-1C408A8C7D74}.Release|Any CPU.ActiveCfg = Release|Any CPU
		{1A8D02EC-C018-4665-A96D-1C408A8C7D74}.Release|Any CPU.Build.0 = Release|Any CPU
	EndGlobalSection
	GlobalSection(SolutionProperties) = preSolution
		HideSolutionNode = FALSE
	EndGlobalSection
	GlobalSection(ExtensibilityGlobals) = postSolution
		SolutionGuid = {0E240087-E967-406E-A49D-B6BEFC9BFA23}
	EndGlobalSection
EndGlobal
